lockfileVersion: '9.0'

settings:
  autoInstallPeers: true
  excludeLinksFromLockfile: false

importers:

  .:
    dependencies:
      '@openai/codex-sdk':
        specifier: 0.153.4
        version: 0.153.4
      ws:
        specifier: 8.21.0
        version: 8.21.0

packages:

  '@openai/codex-sdk@0.153.4':
    resolution: {integrity: sha512-z0rN8WMQxwEHYHpDJyKHZwNNUtM/1pdnxmKopIJ3qMCZyyDestaIhSGDZ0v0RSjm+REujcFyNd95oWs78zWgRg==}
    engines: {node: '>=18'}

  '@openai/codex@0.153.4':
    resolution: {integrity: sha512-wbHDmit7S/YvBGVX1DQmk13xtWblZ2cApeJ/pB7xDZ10Cna+DZc5ij7f0F4OxdsXN4FW1oLT48OpogUI1+8Y2w==}
    engines: {node: '>=16'}
    hasBin: true

  '@openai/codex@0.153.4-darwin-arm64':
    resolution: {integrity: sha512-B1qhN3fa1ay0R0wGziXqgwSkB5icpYChNKHhtBHff/0UtSTC7z+l8aTtvMlGjH3E8HEvY3+njIJelM9CAAoVWg==}
    engines: {node: '>=16'}
    cpu: [arm64]
    os: [darwin]

  '@openai/codex@0.153.4-darwin-x64':
    resolution: {integrity: sha512-vnSbbPzfoDZmmyzsxswsDDXQ06IVFBzkQU7/hroB3ji93Ok2utcsq8Psfk2tjF5r9mEx8RWFJhzuTGHG26/NDA==}
    engines: {node: '>=16'}
    cpu: [x64]
    os: [darwin]

  '@openai/codex@0.153.4-linux-arm64':
    resolution: {integrity: sha512-QKdjYLYV4hXIuUQDP3P6F4NXuWFoKo9WUoV4nAREIx55kiUyi8UsYdsVobkeXir5n/maEQgYMCKLHVma4rNPiw==}
    engines: {node: '>=16'}
    cpu: [arm64]
    os: [linux]

  '@openai/codex@0.153.4-linux-x64':
    resolution: {integrity: sha512-x1EcwBlY3AObM1VTUHNM2AzAJQsyreGdagpF+qFiYi/Oa30VBktvvG0C6tLtCzqW6hjZNWkGZQWmeVk7MuJKWg==}
    engines: {node: '>=16'}
    cpu: [x64]
    os: [linux]

  '@openai/codex@0.153.4-win32-arm64':
    resolution: {integrity: sha512-/FBh42976ltF1kxDoPQBg1Q6+hwChRU5/sm5dfeC8kFVQMvOCGoGeY5d8rRZGVJE8XojlXo74VQb0sHowcfgBw==}
    engines: {node: '>=16'}
    cpu: [arm64]
    os: [win32]

  '@openai/codex@0.153.4-win32-x64':
    resolution: {integrity: sha512-lMkB43kJZH0VFr+hoXc11qqR7QtQIbkr07ALgj4urKL1osNyUyuy1iXd3Vzz2iCYvBUCSw7I0l/W1cEPGx9euQ==}
    engines: {node: '>=16'}
    cpu: [x64]
    os: [win32]

  ws@8.21.0:
    resolution: {integrity: sha512-Vsp28b7DRcimFQvrqu2Wek3z1iYxDCWqHYB8Qsnk/S4RfaCQzPGPyBNuVjJV3cd6UiKtUtp6sNM77gWvzcCH+g==}
    engines: {node: '>=10.0.0'}
    peerDependencies:
      bufferutil: ^4.0.1
      utf-8-validate: '>=5.0.2'
    peerDependenciesMeta:
      bufferutil:
        optional: true
      utf-8-validate:
        optional: true

snapshots:

  '@openai/codex-sdk@0.153.4':
    dependencies:
      '@openai/codex': 0.153.4

  '@openai/codex@0.153.4':
    optionalDependencies:
      '@openai/codex-darwin-arm64': '@openai/codex@0.153.4-darwin-arm64'
      '@openai/codex-darwin-x64': '@openai/codex@0.153.4-darwin-x64'
      '@openai/codex-linux-arm64': '@openai/codex@0.153.4-linux-arm64'
      '@openai/codex-linux-x64': '@openai/codex@0.153.4-linux-x64'
      '@openai/codex-win32-arm64': '@openai/codex@0.153.4-win32-arm64'
      '@openai/codex-win32-x64': '@openai/codex@0.153.4-win32-x64'

  '@openai/codex@0.153.4-darwin-arm64':
    optional: true

  '@openai/codex@0.153.4-darwin-x64':
    optional: true

  '@openai/codex@0.153.4-linux-arm64':
    optional: true

  '@openai/codex@0.153.4-linux-x64':
    optional: true

  '@openai/codex@0.153.4-win32-arm64':
    optional: true

  '@openai/codex@0.153.4-win32-x64':
    optional: true

  ws@8.21.0: {}
